// !$*UTF8*$!
{
	archiveVersion = 1;
	classes = {
	};
	objectVersion = 50;
	objects = {

/* Begin PBXBuildFile section */
		833678EE2210528E00331E5D /* AppDelegate.swift in Sources */ = {isa = PBXBuildFile; fileRef = 833678ED2210528E00331E5D /* AppDelegate.swift */; };
		833678F02210528E00331E5D /* ViewController.swift in Sources */ = {isa = PBXBuildFile; fileRef = 833678EF2210528E00331E5D /* ViewController.swift */; };
		833678F32210528E00331E5D /* Main.storyboard in Resources */ = {isa = PBXBuildFile; fileRef = 833678F12210528E00331E5D /* Main.storyboard */; };
		833678F52210529300331E5D /* Assets.xcassets in Resources */ = {isa = PBXBuildFile; fileRef = 833678F42210529300331E5D /* Assets.xcassets */; };
		833678F82210529300331E5D /* LaunchScreen.storyboard in Resources */ = {isa = PBXBuildFile; fileRef = 833678F62210529300331E5D /* LaunchScreen.storyboard */; };
		833679032210529400331E5D /* Bill_SpliterTests.swift in Sources */ = {isa = PBXBuildFile; fileRef = 833679022210529400331E5D /* Bill_SpliterTests.swift */; };
/* End PBXBuildFile section */

/* Begin PBXContainerItemProxy section */
		833678FF2210529400331E5D /* PBXContainerItemProxy */ = {
			isa = PBXContainerItemProxy;
			containerPortal = 833678E22210528D00331E5D /* Project object */;
			proxyType = 1;
			remoteGlobalIDString = 833678E92210528D00331E5D;
			remoteInfo = "Bill Spliter";
		};
/* End PBXContainerItemProxy section */

/* Begin PBXFileReference section */
		833678EA2210528E00331E5D /* Bill Spliter.app */ = {isa = PBXFileReference; explicitFileType = wrapper.application; includeInIndex = 0; path = "Bill Spliter.app"; sourceTree = BUILT_PRODUCTS_DIR; };
		833678ED2210528E00331E5D /* AppDelegate.swift */ = {isa = PBXFileReference; lastKnownFileType = sourcecode.swift; path = AppDelegate.swift; sourceTree = "<group>"; };
		833678EF2210528E00331E5D /* ViewController.swift */ = {isa = PBXFileReference; lastKnownFileType = sourcecode.swift; path = ViewController.swift; sourceTree = "<group>"; };
		833678F22210528E00331E5D /* Base */ = {isa = PBXFileReference; lastKnownFileType = file.storyboard; name = Base; path = Base.lproj/Main.storyboard; sourceTree = "<group>"; };
		833678F42210529300331E5D /* Assets.xcassets */ = {isa = PBXFileReference; lastKnownFileType = folder.assetcatalog; path = Assets.xcassets; sourceTree = "<group>"; };
		833678F72210529300331E5D /* Base */ = {isa = PBXFileReference; lastKnownFileType = file.storyboard; name = Base; path = Base.lproj/LaunchScreen.storyboard; sourceTree = "<group>"; };
		833678F92210529300331E5D /* Info.plist */ = {isa = PBXFileReference; lastKnownFileType = text.plist.xml; path = Info.plist; sourceTree = "<group>"; };
		833678FE2210529400331E5D /* Bill SpliterTests.xctest */ = {isa = PBXFileReference; explicitFileType = wrapper.cfbundle; includeInIndex = 0; path = "Bill SpliterTests.xctest"; sourceTree = BUILT_PRODUCTS_DIR; };
		833679022210529400331E5D /* Bill_SpliterTests.swift */ = {isa = PBXFileReference; lastKnownFileType = sourcecode.swift; path = Bill_SpliterTests.swift; sourceTree = "<group>"; };
		833679042210529400331E5D /* Info.plist */ = {isa = PBXFileReference; lastKnownFileType = text.plist.xml; path = Info.plist; sourceTree = "<group>"; };
/* End PBXFileReference section */

/* Begin PBXFrameworksBuildPhase section */
		833678E72210528D00331E5D /* Frameworks */ = {
			isa = PBXFrameworksBuildPhase;
			buildActionMask = 2147483647;
			files = (
			);
			runOnlyForDeploymentPostprocessing = 0;
		};
		833678FB2210529400331E5D /* Frameworks */ = {
			isa = PBXFrameworksBuildPhase;
			buildActionMask = 2147483647;
			files = (
			);
			runOnlyForDeploymentPostprocessing = 0;
		};
/* End PBXFrameworksBuildPhase section */

/* Begin PBXGroup section */
		833678E12210528D00331E5D = {
			isa = PBXGroup;
			children = (
				833678EC2210528E00331E5D /* Bill Spliter */,
				833679012210529400331E5D /* Bill SpliterTests */,
				833678EB2210528E00331E5D /* Products */,
			);
			sourceTree = "<group>";
		};
		833678EB2210528E00331E5D /* Products */ = {
			isa = PBXGroup;
			children = (
				833678EA2210528E00331E5D /* Bill Spliter.app */,
				833678FE2210529400331E5D /* Bill SpliterTests.xctest */,
			);
			name = Products;
			sourceTree = "<group>";
		};
		833678EC2210528E00331E5D /* Bill Spliter */ = {
			isa = PBXGroup;
			children = (
				833678ED2210528E00331E5D /* AppDelegate.swift */,
				833678EF2210528E00331E5D /* ViewController.swift */,
				833678F12210528E00331E5D /* Main.storyboard */,
				833678F42210529300331E5D /* Assets.xcassets */,
				833678F62210529300331E5D /* LaunchScreen.storyboard */,
				833678F92210529300331E5D /* Info.plist */,
			);
			path = "Bill Spliter";
			sourceTree = "<group>";
		};
		833679012210529400331E5D /* Bill SpliterTests */ = {
			isa = PBXGroup;
			children = (
				833679022210529400331E5D /* Bill_SpliterTests.swift */,
				833679042210529400331E5D /* Info.plist */,
			);
			path = "Bill SpliterTests";
			sourceTree = "<group>";
		};
/* End PBXGroup section */

/* Begin PBXNativeTarget section */
		833678E92210528D00331E5D /* Bill Spliter */ = {
			isa = PBXNativeTarget;
			buildConfigurationList = 833679072210529400331E5D /* Build configuration list for PBXNativeTarget "Bill Spliter" */;
			buildPhases = (
				833678E62210528D00331E5D /* Sources */,
				833678E72210528D00331E5D /* Frameworks */,
				833678E82210528D00331E5D /* Resources */,
			);
			buildRules = (
			);
			dependencies = (
			);
			name = "Bill Spliter";
			productName = "Bill Spliter";
			productReference = 833678EA2210528E00331E5D /* Bill Spliter.app */;
			productType = "com.apple.product-type.application";
		};
		833678FD2210529400331E5D /* Bill SpliterTests */ = {
			isa = PBXNativeTarget;
			buildConfigurationList = 8336790A2210529400331E5D /* Build configuration list for PBXNativeTarget "Bill SpliterTests" */;
			buildPhases = (
				833678FA2210529400331E5D /* Sources */,
				833678FB2210529400331E5D /* Frameworks */,
				833678FC2210529400331E5D /* Resources */,
			);
			buildRules = (
			);
			dependencies = (
				833679002210529400331E5D /* PBXTargetDependency */,
			);
			name = "Bill SpliterTests";
			productName = "Bill SpliterTests";
			productReference = 833678FE2210529400331E5D /* Bill SpliterTests.xctest */;
			productType = "com.apple.product-type.bundle.unit-test";
		};
/* End PBXNativeTarget section */

/* Begin PBXProject section */
		833678E22210528D00331E5D /* Project object */ = {
			isa = PBXProject;
			attributes = {
				LastSwiftUpdateCheck = 1010;
				LastUpgradeCheck = 1010;
				ORGANIZATIONNAME = "Piotr Kupczyk";
				TargetAttributes = {
					833678E92210528D00331E5D = {
						CreatedOnToolsVersion = 10.1;
					};
					833678FD2210529400331E5D = {
						CreatedOnToolsVersion = 10.1;
						TestTargetID = 833678E92210528D00331E5D;
					};
				};
			};
			buildConfigurationList = 833678E52210528D00331E5D /* Build configuration list for PBXProject "Bill Spliter" */;
			compatibilityVersion = "Xcode 9.3";
			developmentRegion = en;
			hasScannedForEncodings = 0;
			knownRegions = (
				en,
				Base,
			);
			mainGroup = 833678E12210528D00331E5D;
			productRefGroup = 833678EB2210528E00331E5D /* Products */;
			projectDirPath = "";
			projectRoot = "";
			targets = (
				833678E92210528D00331E5D /* Bill Spliter */,
				833678FD2210529400331E5D /* Bill SpliterTests */,
			);
		};
/* End PBXProject section */

/* Begin PBXResourcesBuildPhase section */
		833678E82210528D00331E5D /* Resources */ = {
			isa = PBXResourcesBuildPhase;
			buildActionMask = 2147483647;
			files = (
				833678F82210529300331E5D /* LaunchScreen.storyboard in Resources */,
				833678F52210529300331E5D /* Assets.xcassets in Resources */,
				833678F32210528E00331E5D /* Main.storyboard in Resources */,
			);
			runOnlyForDeploymentPostprocessing = 0;
		};
		833678FC2210529400331E5D /* Resources */ = {
			isa = PBXResourcesBuildPhase;
			buildActionMask = 2147483647;
			files = (
			);
			runOnlyForDeploymentPostprocessing = 0;
		};
/* End PBXResourcesBuildPhase section */

/* Begin PBXSourcesBuildPhase section */
		833678E62210528D00331E5D /* Sources */ = {
			isa = PBXSourcesBuildPhase;
			buildActionMask = 2147483647;
			files = (
				833678F02210528E00331E5D /* ViewController.swift in Sources */,
				833678EE2210528E00331E5D /* AppDelegate.swift in Sources */,
			);
			runOnlyForDeploymentPostprocessing = 0;
		};
		833678FA2210529400331E5D /* Sources */ = {
			isa = PBXSourcesBuildPhase;
			buildActionMask = 2147483647;
			files = (
				833679032210529400331E5D /* Bill_SpliterTests.swift in Sources */,
			);
			runOnlyForDeploymentPostprocessing = 0;
		};
/* End PBXSourcesBuildPhase section */

/* Begin PBXTargetDependency section */
		833679002210529400331E5D /* PBXTargetDependency */ = {
			isa = PBXTargetDependency;
			target = 833678E92210528D00331E5D /* Bill Spliter */;
			targetProxy = 833678FF2210529400331E5D /* PBXContainerItemProxy */;
		};
/* End PBXTargetDependency section */

/* Begin PBXVariantGroup section */
		833678F12210528E00331E5D /* Main.storyboard */ = {
			isa = PBXVariantGroup;
			children = (
				833678F22210528E00331E5D /* Base */,
			);
			name = Main.storyboard;
			sourceTree = "<group>";
		};
		833678F62210529300331E5D /* LaunchScreen.storyboard */ = {
			isa = PBXVariantGroup;
			children = (
				833678F72210529300331E5D /* Base */,
			);
			name = LaunchScreen.storyboard;
			sourceTree = "<group>";
		};
/* End PBXVariantGroup section */

/* Begin XCBuildConfiguration section */
		833679052210529400331E5D /* Debug */ = {
			isa = XCBuildConfiguration;
			buildSettings = {
				ALWAYS_SEARCH_USER_PATHS = NO;
				CLANG_ANALYZER_NONNULL = YES;
				CLANG_ANALYZER_NUMBER_OBJECT_CONVERSION = YES_AGGRESSIVE;
				CLANG_CXX_LANGUAGE_STANDARD = "gnu++14";
				CLANG_CXX_LIBRARY = "libc++";
				CLANG_ENABLE_MODULES = YES;
				CLANG_ENABLE_OBJC_ARC = YES;
				CLANG_ENABLE_OBJC_WEAK = YES;
				CLANG_WARN_BLOCK_CAPTURE_AUTORELEASING = YES;
				CLANG_WARN_BOOL_CONVERSION = YES;
				CLANG_WARN_COMMA = YES;
				CLANG_WARN_CONSTANT_CONVERSION = YES;
				CLANG_WARN_DEPRECATED_OBJC_IMPLEMENTATIONS = YES;
				CLANG_WARN_DIRECT_OBJC_ISA_USAGE = YES_ERROR;
				CLANG_WARN_DOCUMENTATION_COMMENTS = YES;
				CLANG_WARN_EMPTY_BODY = YES;
				CLANG_WARN_ENUM_CONVERSION = YES;
				CLANG_WARN_INFINITE_RECURSION = YES;
				CLANG_WARN_INT_CONVERSION = YES;
				CLANG_WARN_NON_LITERAL_NULL_CONVERSION = YES;
				CLANG_WARN_OBJC_IMPLICIT_RETAIN_SELF = YES;
				CLANG_WARN_OBJC_LITERAL_CONVERSION = YES;
				CLANG_WARN_OBJC_ROOT_CLASS = YES_ERROR;
				CLANG_WARN_RANGE_LOOP_ANALYSIS = YES;
				CLANG_WARN_STRICT_PROTOTYPES = YES;
				CLANG_WARN_SUSPICIOUS_MOVE = YES;
				CLANG_WARN_UNGUARDED_AVAILABILITY = YES_AGGRESSIVE;
				CLANG_WARN_UNREACHABLE_CODE = YES;
				CLANG_WARN__DUPLICATE_METHOD_MATCH = YES;
				CODE_SIGN_IDENTITY = "iPhone Developer";
				COPY_PHASE_STRIP = NO;
				DEBUG_INFORMATION_FORMAT = dwarf;
				ENABLE_STRICT_OBJC_MSGSEND = YES;
				ENABLE_TESTABILITY = YES;
				GCC_C_LANGUAGE_STANDARD = gnu11;
				GCC_DYNAMIC_NO_PIC = NO;
				GCC_NO_COMMON_BLOCKS = YES;
				GCC_OPTIMIZATION_LEVEL = 0;
				GCC_PREPROCESSOR_DEFINITIONS = (
					"DEBUG=1",
					"$(inherited)",
				);
				GCC_WARN_64_TO_32_BIT_CONVERSION = YES;
				GCC_WARN_ABOUT_RETURN_TYPE = YES_ERROR;
				GCC_WARN_UNDECLARED_SELECTOR = YES;
				GCC_WARN_UNINITIALIZED_AUTOS = YES_AGGRESSIVE;
				GCC_WARN_UNUSED_FUNCTION = YES;
				GCC_WARN_UNUSED_VARIABLE = YES;
				IPHONEOS_DEPLOYMENT_TARGET = 12.1;
				MTL_ENABLE_DEBUG_INFO = INCLUDE_SOURCE;
				MTL_FAST_MATH = YES;
				ONLY_ACTIVE_ARCH = YES;
				SDKROOT = iphoneos;
				SWIFT_ACTIVE_COMPILATION_CONDITIONS = DEBUG;
				SWIFT_OPTIMIZATION_LEVEL = "-Onone";
			};
			name = Debug;
		};
		833679062210529400331E5D /* Release */ = {
			isa = XCBuildConfiguration;
			buildSettings = {
				ALWAYS_SEARCH_USER_PATHS = NO;
				CLANG_ANALYZER_NONNULL = YES;
				CLANG_ANALYZER_NUMBER_OBJECT_CONVERSION = YES_AGGRESSIVE;
				CLANG_CXX_LANGUAGE_STANDARD = "gnu++14";
				CLANG_CXX_LIBRARY = "libc++";
				CLANG_ENABLE_MODULES = YES;
				CLANG_ENABLE_OBJC_ARC = YES;
				CLANG_ENABLE_OBJC_WEAK = YES;
				CLANG_WARN_BLOCK_CAPTURE_AUTORELEASING = YES;
				CLANG_WARN_BOOL_CONVERSION = YES;
				CLANG_WARN_COMMA = YES;
				CLANG_WARN_CONSTANT_CONVERSION = YES;
				CLANG_WARN_DEPRECATED_OBJC_IMPLEMENTATIONS = YES;
				CLANG_WARN_DIRECT_OBJC_ISA_USAGE = YES_ERROR;
				CLANG_WARN_DOCUMENTATION_COMMENTS = YES;
				CLANG_WARN_EMPTY_BODY = YES;
				CLANG_WARN_ENUM_CONVERSION = YES;
				CLANG_WARN_INFINITE_RECURSION = YES;
				CLANG_WARN_INT_CONVERSION = YES;
				CLANG_WARN_NON_LITERAL_NULL_CONVERSION = YES;
				CLANG_WARN_OBJC_IMPLICIT_RETAIN_SELF = YES;
				CLANG_WARN_OBJC_LITERAL_CONVERSION = YES;
				CLANG_WARN_OBJC_ROOT_CLASS = YES_ERROR;
				CLANG_WARN_RANGE_LOOP_ANALYSIS = YES;
				CLANG_WARN_STRICT_PROTOTYPES = YES;
				CLANG_WARN_SUSPICIOUS_MOVE = YES;
				CLANG_WARN_UNGUARDED_AVAILABILITY = YES_AGGRESSIVE;
				CLANG_WARN_UNREACHABLE_CODE = YES;
				CLANG_WARN__DUPLICATE_METHOD_MATCH = YES;
				CODE_SIGN_IDENTITY = "iPhone Developer";
				COPY_PHASE_STRIP = NO;
				DEBUG_INFORMATION_FORMAT = "dwarf-with-dsym";
				ENABLE_NS_ASSERTIONS = NO;
				ENABLE_STRICT_OBJC_MSGSEND = YES;
				GCC_C_LANGUAGE_STANDARD = gnu11;
				GCC_NO_COMMON_BLOCKS = YES;
				GCC_WARN_64_TO_32_BIT_CONVERSION = YES;
				GCC_WARN_ABOUT_RETURN_TYPE = YES_ERROR;
				GCC_WARN_UNDECLARED_SELECTOR = YES;
				GCC_WARN_UNINITIALIZED_AUTOS = YES_AGGRESSIVE;
				GCC_WARN_UNUSED_FUNCTION = YES;
				GCC_WARN_UNUSED_VARIABLE = YES;
				IPHONEOS_DEPLOYMENT_TARGET = 12.1;
				MTL_ENABLE_DEBUG_INFO = NO;
				MTL_FAST_MATH = YES;
				SDKROOT = iphoneos;
				SWIFT_COMPILATION_MODE = wholemodule;
				SWIFT_OPTIMIZATION_LEVEL = "-O";
				VALIDATE_PRODUCT = YES;
			};
			name = Release;
		};
		833679082210529400331E5D /* Debug */ = {
			isa = XCBuildConfiguration;
			buildSettings = {
				ASSETCATALOG_COMPILER_APPICON_NAME = AppIcon;
				CODE_SIGN_STYLE = Automatic;
				DEVELOPMENT_TEAM = WM3KRQ8CEV;
				INFOPLIST_FILE = "Bill Spliter/Info.plist";
				LD_RUNPATH_SEARCH_PATHS = (
					"$(inherited)",
					"@executable_path/Frameworks",
				);
				PRODUCT_BUNDLE_IDENTIFIER = "com.piotr.kupczyk.Bill-Spliter";
				PRODUCT_NAME = "$(TARGET_NAME)";
				SWIFT_VERSION = 4.2;
				TARGETED_DEVICE_FAMILY = "1,2";
			};
			name = Debug;
		};
		833679092210529400331E5D /* Release */ = {
			isa = XCBuildConfiguration;
			buildSettings = {
				ASSETCATALOG_COMPILER_APPICON_NAME = AppIcon;
				CODE_SIGN_STYLE = Automatic;
				DEVELOPMENT_TEAM = WM3KRQ8CEV;
				INFOPLIST_FILE = "Bill Spliter/Info.plist";
				LD_RUNPATH_SEARCH_PATHS = (
					"$(inherited)",
					"@executable_path/Frameworks",
				);
				PRODUCT_BUNDLE_IDENTIFIER = "com.piotr.kupczyk.Bill-Spliter";
				PRODUCT_NAME = "$(TARGET_NAME)";
				SWIFT_VERSION = 4.2;
				TARGETED_DEVICE_FAMILY = "1,2";
			};
			name = Release;
		};
		8336790B2210529400331E5D /* Debug */ = {
			isa = XCBuildConfiguration;
			buildSettings = {
				ALWAYS_EMBED_SWIFT_STANDARD_LIBRARIES = YES;
				BUNDLE_LOADER = "$(TEST_HOST)";
				CODE_SIGN_STYLE = Automatic;
				DEVELOPMENT_TEAM = WM3KRQ8CEV;
				INFOPLIST_FILE = "Bill SpliterTests/Info.plist";
				LD_RUNPATH_SEARCH_PATHS = (
					"$(inherited)",
					"@executable_path/Frameworks",
					"@loader_path/Frameworks",
				);
				PRODUCT_BUNDLE_IDENTIFIER = "com.piotr.kupczyk.Bill-SpliterTests";
				PRODUCT_NAME = "$(TARGET_NAME)";
				SWIFT_VERSION = 4.2;
				TARGETED_DEVICE_FAMILY = "1,2";
				TEST_HOST = "$(BUILT_PRODUCTS_DIR)/Bill Spliter.app/Bill Spliter";
			};
			name = Debug;
		};
		8336790C2210529400331E5D /* Release */ = {
			isa = XCBuildConfiguration;
			buildSettings = {
				ALWAYS_EMBED_SWIFT_STANDARD_LIBRARIES = YES;
				BUNDLE_LOADER = "$(TEST_HOST)";
				CODE_SIGN_STYLE = Automatic;
				DEVELOPMENT_TEAM = WM3KRQ8CEV;
				INFOPLIST_FILE = "Bill SpliterTests/Info.plist";
				LD_RUNPATH_SEARCH_PATHS = (
					"$(inherited)",
					"@executable_path/Frameworks",
					"@loader_path/Frameworks",
				);
				PRODUCT_BUNDLE_IDENTIFIER = "com.piotr.kupczyk.Bill-SpliterTests";
				PRODUCT_NAME = "$(TARGET_NAME)";
				SWIFT_VERSION = 4.2;
				TARGETED_DEVICE_FAMILY = "1,2";
				TEST_HOST = "$(BUILT_PRODUCTS_DIR)/Bill Spliter.app/Bill Spliter";
			};
			name = Release;
		};
/* End XCBuildConfiguration section */

/* Begin XCConfigurationList section */
		833678E52210528D00331E5D /* Build configuration list for PBXProject "Bill Spliter" */ = {
			isa = XCConfigurationList;
			buildConfigurations = (
				833679052210529400331E5D /* Debug */,
				833679062210529400331E5D /* Release */,
			);
			defaultConfigurationIsVisible = 0;
			defaultConfigurationName = Release;
		};
		833679072210529400331E5D /* Build configuration list for PBXNativeTarget "Bill Spliter" */ = {
			isa = XCConfigurationList;
			buildConfigurations = (
				833679082210529400331E5D /* Debug */,
				833679092210529400331E5D /* Release */,
			);
			defaultConfigurationIsVisible = 0;
			defaultConfigurationName = Release;
		};
		8336790A2210529400331E5D /* Build configuration list for PBXNativeTarget "Bill SpliterTests" */ = {
			isa = XCConfigurationList;
			buildConfigurations = (
				8336790B2210529400331E5D /* Debug */,
				8336790C2210529400331E5D /* Release */,
			);
			defaultConfigurationIsVisible = 0;
			defaultConfigurationName = Release;
		};
/* End XCConfigurationList section */
	};
	rootObject = 833678E22210528D00331E5D /* Project object */;
}
