// !$*UTF8*$!
{
	archiveVersion = 1;
	classes = {
	};
	objectVersion = 50;
	objects = {

/* Begin PBXBuildFile section */
		02BE39DC4AC7534010A52AAD /* Pods_Bill_SpliterTests.framework in Frameworks */ = {isa = PBXBuildFile; fileRef = 89C150379F95C50A0CD17523 /* Pods_Bill_SpliterTests.framework */; };
		0B57C58D3F7022212E961DC5 /* Pods_Bill_Spliter.framework in Frameworks */ = {isa = PBXBuildFile; fileRef = AFB4D7D2420ADAF31F0925F7 /* Pods_Bill_Spliter.framework */; };
		8325179C221059DB00BDB198 /* InitialsImageView.swift in Sources */ = {isa = PBXBuildFile; fileRef = 8325179B221059DB00BDB198 /* InitialsImageView.swift */; };
		8325179E2210638600BDB198 /* MainTabBarController.swift in Sources */ = {isa = PBXBuildFile; fileRef = 8325179D2210638600BDB198 /* MainTabBarController.swift */; };
		832517A02210660200BDB198 /* GroupsTableViewController.swift in Sources */ = {isa = PBXBuildFile; fileRef = 8325179F2210660200BDB198 /* GroupsTableViewController.swift */; };
		832517A22210665400BDB198 /* FriendsCollectionViewController.swift in Sources */ = {isa = PBXBuildFile; fileRef = 832517A12210665400BDB198 /* FriendsCollectionViewController.swift */; };
		832517A422106E5000BDB198 /* GroupsTableViewCell.swift in Sources */ = {isa = PBXBuildFile; fileRef = 832517A322106E5000BDB198 /* GroupsTableViewCell.swift */; };
		832517A82210716C00BDB198 /* UIFont.swift in Sources */ = {isa = PBXBuildFile; fileRef = 832517A72210716C00BDB198 /* UIFont.swift */; };
		832517AA221084A100BDB198 /* GroupViewModel.swift in Sources */ = {isa = PBXBuildFile; fileRef = 832517A9221084A100BDB198 /* GroupViewModel.swift */; };
		832517AC2210852700BDB198 /* Group.swift in Sources */ = {isa = PBXBuildFile; fileRef = 832517AB2210852700BDB198 /* Group.swift */; };
		833678EE2210528E00331E5D /* AppDelegate.swift in Sources */ = {isa = PBXBuildFile; fileRef = 833678ED2210528E00331E5D /* AppDelegate.swift */; };
		833678F52210529300331E5D /* Assets.xcassets in Resources */ = {isa = PBXBuildFile; fileRef = 833678F42210529300331E5D /* Assets.xcassets */; };
		833678F82210529300331E5D /* LaunchScreen.storyboard in Resources */ = {isa = PBXBuildFile; fileRef = 833678F62210529300331E5D /* LaunchScreen.storyboard */; };
		833679032210529400331E5D /* Bill_SpliterTests.swift in Sources */ = {isa = PBXBuildFile; fileRef = 833679022210529400331E5D /* Bill_SpliterTests.swift */; };
		83AE1F212211D7BD003A4D60 /* FriendsSearchBarView.swift in Sources */ = {isa = PBXBuildFile; fileRef = 83AE1F202211D7BD003A4D60 /* FriendsSearchBarView.swift */; };
		83AE1F2322131A36003A4D60 /* FriendsCollectionViewCell.swift in Sources */ = {isa = PBXBuildFile; fileRef = 83AE1F2222131A36003A4D60 /* FriendsCollectionViewCell.swift */; };
		83AE1F2522132566003A4D60 /* User.swift in Sources */ = {isa = PBXBuildFile; fileRef = 83AE1F2422132566003A4D60 /* User.swift */; };
		83AE1F27221334B3003A4D60 /* FriendViewModel.swift in Sources */ = {isa = PBXBuildFile; fileRef = 83AE1F26221334B3003A4D60 /* FriendViewModel.swift */; };
		83AE1F292214939D003A4D60 /* BillsViewController.swift in Sources */ = {isa = PBXBuildFile; fileRef = 83AE1F282214939D003A4D60 /* BillsViewController.swift */; };
		83AE1F2B2215C25D003A4D60 /* BillsCollectionViewCell.swift in Sources */ = {isa = PBXBuildFile; fileRef = 83AE1F2A2215C25D003A4D60 /* BillsCollectionViewCell.swift */; };
		83AE1F2D2215C338003A4D60 /* Bill .swift in Sources */ = {isa = PBXBuildFile; fileRef = 83AE1F2C2215C338003A4D60 /* Bill .swift */; };
		83AE1F2F2215C755003A4D60 /* BillViewModel.swift in Sources */ = {isa = PBXBuildFile; fileRef = 83AE1F2E2215C755003A4D60 /* BillViewModel.swift */; };
		83DC413D2211CA2600B6BDF1 /* UIColor.swift in Sources */ = {isa = PBXBuildFile; fileRef = 83DC413C2211CA2600B6BDF1 /* UIColor.swift */; };
		B6E0E99DD5B469A95413BDC4 /* FancyTextField.swift in Sources */ = {isa = PBXBuildFile; fileRef = B6E0EDFF7DF38A33DA0E1702 /* FancyTextField.swift */; };
		B6E0EF262CE5873279F2B81B /* AddGroupViewController.swift in Sources */ = {isa = PBXBuildFile; fileRef = B6E0E1E8FD1D2A618087EF95 /* AddGroupViewController.swift */; };
/* End PBXBuildFile section */

/* Begin PBXContainerItemProxy section */
		833678FF2210529400331E5D /* PBXContainerItemProxy */ = {
			isa = PBXContainerItemProxy;
			containerPortal = 833678E22210528D00331E5D /* Project object */;
			proxyType = 1;
			remoteGlobalIDString = 833678E92210528D00331E5D;
			remoteInfo = "Bill Spliter";
		};
/* End PBXContainerItemProxy section */

/* Begin PBXFileReference section */
		4B0AAC95A8FC3D605DCCDDE9 /* Pods-Bill Spliter.release.xcconfig */ = {isa = PBXFileReference; includeInIndex = 1; lastKnownFileType = text.xcconfig; name = "Pods-Bill Spliter.release.xcconfig"; path = "Pods/Target Support Files/Pods-Bill Spliter/Pods-Bill Spliter.release.xcconfig"; sourceTree = "<group>"; };
		7803FF0D6E99CC4725433132 /* Pods-Bill SpliterTests.release.xcconfig */ = {isa = PBXFileReference; includeInIndex = 1; lastKnownFileType = text.xcconfig; name = "Pods-Bill SpliterTests.release.xcconfig"; path = "Pods/Target Support Files/Pods-Bill SpliterTests/Pods-Bill SpliterTests.release.xcconfig"; sourceTree = "<group>"; };
		8325179B221059DB00BDB198 /* InitialsImageView.swift */ = {isa = PBXFileReference; lastKnownFileType = sourcecode.swift; path = InitialsImageView.swift; sourceTree = "<group>"; };
		8325179D2210638600BDB198 /* MainTabBarController.swift */ = {isa = PBXFileReference; lastKnownFileType = sourcecode.swift; path = MainTabBarController.swift; sourceTree = "<group>"; };
		8325179F2210660200BDB198 /* GroupsTableViewController.swift */ = {isa = PBXFileReference; lastKnownFileType = sourcecode.swift; path = GroupsTableViewController.swift; sourceTree = "<group>"; };
		832517A12210665400BDB198 /* FriendsCollectionViewController.swift */ = {isa = PBXFileReference; lastKnownFileType = sourcecode.swift; path = FriendsCollectionViewController.swift; sourceTree = "<group>"; };
		832517A322106E5000BDB198 /* GroupsTableViewCell.swift */ = {isa = PBXFileReference; lastKnownFileType = sourcecode.swift; path = GroupsTableViewCell.swift; sourceTree = "<group>"; };
		832517A72210716C00BDB198 /* UIFont.swift */ = {isa = PBXFileReference; lastKnownFileType = sourcecode.swift; path = UIFont.swift; sourceTree = "<group>"; };
		832517A9221084A100BDB198 /* GroupViewModel.swift */ = {isa = PBXFileReference; lastKnownFileType = sourcecode.swift; path = GroupViewModel.swift; sourceTree = "<group>"; };
		832517AB2210852700BDB198 /* Group.swift */ = {isa = PBXFileReference; lastKnownFileType = sourcecode.swift; path = Group.swift; sourceTree = "<group>"; };
		833678EA2210528E00331E5D /* Bill Spliter.app */ = {isa = PBXFileReference; explicitFileType = wrapper.application; includeInIndex = 0; path = "Bill Spliter.app"; sourceTree = BUILT_PRODUCTS_DIR; };
		833678ED2210528E00331E5D /* AppDelegate.swift */ = {isa = PBXFileReference; lastKnownFileType = sourcecode.swift; path = AppDelegate.swift; sourceTree = "<group>"; };
		833678F42210529300331E5D /* Assets.xcassets */ = {isa = PBXFileReference; lastKnownFileType = folder.assetcatalog; path = Assets.xcassets; sourceTree = "<group>"; };
		833678F72210529300331E5D /* Base */ = {isa = PBXFileReference; lastKnownFileType = file.storyboard; name = Base; path = Base.lproj/LaunchScreen.storyboard; sourceTree = "<group>"; };
		833678F92210529300331E5D /* Info.plist */ = {isa = PBXFileReference; lastKnownFileType = text.plist.xml; path = Info.plist; sourceTree = "<group>"; };
		833678FE2210529400331E5D /* Bill SpliterTests.xctest */ = {isa = PBXFileReference; explicitFileType = wrapper.cfbundle; includeInIndex = 0; path = "Bill SpliterTests.xctest"; sourceTree = BUILT_PRODUCTS_DIR; };
		833679022210529400331E5D /* Bill_SpliterTests.swift */ = {isa = PBXFileReference; lastKnownFileType = sourcecode.swift; path = Bill_SpliterTests.swift; sourceTree = "<group>"; };
		833679042210529400331E5D /* Info.plist */ = {isa = PBXFileReference; lastKnownFileType = text.plist.xml; path = Info.plist; sourceTree = "<group>"; };
		83AE1F202211D7BD003A4D60 /* FriendsSearchBarView.swift */ = {isa = PBXFileReference; lastKnownFileType = sourcecode.swift; path = FriendsSearchBarView.swift; sourceTree = "<group>"; };
		83AE1F2222131A36003A4D60 /* FriendsCollectionViewCell.swift */ = {isa = PBXFileReference; lastKnownFileType = sourcecode.swift; path = FriendsCollectionViewCell.swift; sourceTree = "<group>"; };
		83AE1F2422132566003A4D60 /* User.swift */ = {isa = PBXFileReference; lastKnownFileType = sourcecode.swift; path = User.swift; sourceTree = "<group>"; };
		83AE1F26221334B3003A4D60 /* FriendViewModel.swift */ = {isa = PBXFileReference; lastKnownFileType = sourcecode.swift; path = FriendViewModel.swift; sourceTree = "<group>"; };
		83AE1F282214939D003A4D60 /* BillsViewController.swift */ = {isa = PBXFileReference; lastKnownFileType = sourcecode.swift; path = BillsViewController.swift; sourceTree = "<group>"; };
		83AE1F2A2215C25D003A4D60 /* BillsCollectionViewCell.swift */ = {isa = PBXFileReference; lastKnownFileType = sourcecode.swift; path = BillsCollectionViewCell.swift; sourceTree = "<group>"; };
		83AE1F2C2215C338003A4D60 /* Bill .swift */ = {isa = PBXFileReference; lastKnownFileType = sourcecode.swift; path = "Bill .swift"; sourceTree = "<group>"; };
		83AE1F2E2215C755003A4D60 /* BillViewModel.swift */ = {isa = PBXFileReference; lastKnownFileType = sourcecode.swift; path = BillViewModel.swift; sourceTree = "<group>"; };
		83DC413C2211CA2600B6BDF1 /* UIColor.swift */ = {isa = PBXFileReference; lastKnownFileType = sourcecode.swift; path = UIColor.swift; sourceTree = "<group>"; };
		89C150379F95C50A0CD17523 /* Pods_Bill_SpliterTests.framework */ = {isa = PBXFileReference; explicitFileType = wrapper.framework; includeInIndex = 0; path = Pods_Bill_SpliterTests.framework; sourceTree = BUILT_PRODUCTS_DIR; };
		9FC5BA2536ADC7F6505770A0 /* Pods-Bill Spliter.debug.xcconfig */ = {isa = PBXFileReference; includeInIndex = 1; lastKnownFileType = text.xcconfig; name = "Pods-Bill Spliter.debug.xcconfig"; path = "Pods/Target Support Files/Pods-Bill Spliter/Pods-Bill Spliter.debug.xcconfig"; sourceTree = "<group>"; };
		AFB4D7D2420ADAF31F0925F7 /* Pods_Bill_Spliter.framework */ = {isa = PBXFileReference; explicitFileType = wrapper.framework; includeInIndex = 0; path = Pods_Bill_Spliter.framework; sourceTree = BUILT_PRODUCTS_DIR; };
		B6E0E1E8FD1D2A618087EF95 /* AddGroupViewController.swift */ = {isa = PBXFileReference; fileEncoding = 4; lastKnownFileType = sourcecode.swift; path = AddGroupViewController.swift; sourceTree = "<group>"; };
		B6E0EDFF7DF38A33DA0E1702 /* FancyTextField.swift */ = {isa = PBXFileReference; fileEncoding = 4; lastKnownFileType = sourcecode.swift; path = FancyTextField.swift; sourceTree = "<group>"; };
		C939E063BB6FDFBF7BC4F8B4 /* Pods-Bill SpliterTests.debug.xcconfig */ = {isa = PBXFileReference; includeInIndex = 1; lastKnownFileType = text.xcconfig; name = "Pods-Bill SpliterTests.debug.xcconfig"; path = "Pods/Target Support Files/Pods-Bill SpliterTests/Pods-Bill SpliterTests.debug.xcconfig"; sourceTree = "<group>"; };
/* End PBXFileReference section */

/* Begin PBXFrameworksBuildPhase section */
		833678E72210528D00331E5D /* Frameworks */ = {
			isa = PBXFrameworksBuildPhase;
			buildActionMask = 2147483647;
			files = (
				0B57C58D3F7022212E961DC5 /* Pods_Bill_Spliter.framework in Frameworks */,
			);
			runOnlyForDeploymentPostprocessing = 0;
		};
		833678FB2210529400331E5D /* Frameworks */ = {
			isa = PBXFrameworksBuildPhase;
			buildActionMask = 2147483647;
			files = (
				02BE39DC4AC7534010A52AAD /* Pods_Bill_SpliterTests.framework in Frameworks */,
			);
			runOnlyForDeploymentPostprocessing = 0;
		};
/* End PBXFrameworksBuildPhase section */

/* Begin PBXGroup section */
		832517A52210715000BDB198 /* utilities */ = {
			isa = PBXGroup;
			children = (
				832517A62210715C00BDB198 /* extensions */,
			);
			path = utilities;
			sourceTree = "<group>";
		};
		832517A62210715C00BDB198 /* extensions */ = {
			isa = PBXGroup;
			children = (
				832517A72210716C00BDB198 /* UIFont.swift */,
				83DC413C2211CA2600B6BDF1 /* UIColor.swift */,
			);
			path = extensions;
			sourceTree = "<group>";
		};
		833678E12210528D00331E5D = {
			isa = PBXGroup;
			children = (
				833678EC2210528E00331E5D /* Bill Spliter */,
				833679012210529400331E5D /* Bill SpliterTests */,
				833678EB2210528E00331E5D /* Products */,
				D01BA4A8C2BEF37CDD5F09CB /* Pods */,
				ECAAE5B3D40709D4471AB360 /* Frameworks */,
			);
			sourceTree = "<group>";
		};
		833678EB2210528E00331E5D /* Products */ = {
			isa = PBXGroup;
			children = (
				833678EA2210528E00331E5D /* Bill Spliter.app */,
				833678FE2210529400331E5D /* Bill SpliterTests.xctest */,
			);
			name = Products;
			sourceTree = "<group>";
		};
		833678EC2210528E00331E5D /* Bill Spliter */ = {
			isa = PBXGroup;
			children = (
				832517A52210715000BDB198 /* utilities */,
				833679112210530300331E5D /* project-files */,
				83367910221052F000331E5D /* controllers */,
				8336790F221052DC00331E5D /* view-models */,
				8336790E221052D000331E5D /* views */,
				8336790D221052BB00331E5D /* models */,
				833678F62210529300331E5D /* LaunchScreen.storyboard */,
			);
			path = "Bill Spliter";
			sourceTree = "<group>";
		};
		833679012210529400331E5D /* Bill SpliterTests */ = {
			isa = PBXGroup;
			children = (
				833679022210529400331E5D /* Bill_SpliterTests.swift */,
				833679042210529400331E5D /* Info.plist */,
			);
			path = "Bill SpliterTests";
			sourceTree = "<group>";
		};
		8336790D221052BB00331E5D /* models */ = {
			isa = PBXGroup;
			children = (
				832517AB2210852700BDB198 /* Group.swift */,
				83AE1F2422132566003A4D60 /* User.swift */,
				83AE1F2C2215C338003A4D60 /* Bill .swift */,
			);
			path = models;
			sourceTree = "<group>";
		};
		8336790E221052D000331E5D /* views */ = {
			isa = PBXGroup;
			children = (
				8325179B221059DB00BDB198 /* InitialsImageView.swift */,
				832517A322106E5000BDB198 /* GroupsTableViewCell.swift */,
				83AE1F202211D7BD003A4D60 /* FriendsSearchBarView.swift */,
				83AE1F2222131A36003A4D60 /* FriendsCollectionViewCell.swift */,
				83AE1F2A2215C25D003A4D60 /* BillsCollectionViewCell.swift */,
				B6E0EDFF7DF38A33DA0E1702 /* FancyTextField.swift */,
			);
			path = views;
			sourceTree = "<group>";
		};
		8336790F221052DC00331E5D /* view-models */ = {
			isa = PBXGroup;
			children = (
				832517A9221084A100BDB198 /* GroupViewModel.swift */,
				83AE1F26221334B3003A4D60 /* FriendViewModel.swift */,
				83AE1F2E2215C755003A4D60 /* BillViewModel.swift */,
			);
			path = "view-models";
			sourceTree = "<group>";
		};
		83367910221052F000331E5D /* controllers */ = {
			isa = PBXGroup;
			children = (
				8325179D2210638600BDB198 /* MainTabBarController.swift */,
				8325179F2210660200BDB198 /* GroupsTableViewController.swift */,
				832517A12210665400BDB198 /* FriendsCollectionViewController.swift */,
				83AE1F282214939D003A4D60 /* BillsViewController.swift */,
				B6E0E1E8FD1D2A618087EF95 /* AddGroupViewController.swift */,
			);
			path = controllers;
			sourceTree = "<group>";
		};
		833679112210530300331E5D /* project-files */ = {
			isa = PBXGroup;
			children = (
				833678ED2210528E00331E5D /* AppDelegate.swift */,
				833678F42210529300331E5D /* Assets.xcassets */,
				833678F92210529300331E5D /* Info.plist */,
			);
			path = "project-files";
			sourceTree = "<group>";
		};
		D01BA4A8C2BEF37CDD5F09CB /* Pods */ = {
			isa = PBXGroup;
			children = (
				9FC5BA2536ADC7F6505770A0 /* Pods-Bill Spliter.debug.xcconfig */,
				4B0AAC95A8FC3D605DCCDDE9 /* Pods-Bill Spliter.release.xcconfig */,
				C939E063BB6FDFBF7BC4F8B4 /* Pods-Bill SpliterTests.debug.xcconfig */,
				7803FF0D6E99CC4725433132 /* Pods-Bill SpliterTests.release.xcconfig */,
			);
			name = Pods;
			sourceTree = "<group>";
		};
		ECAAE5B3D40709D4471AB360 /* Frameworks */ = {
			isa = PBXGroup;
			children = (
				AFB4D7D2420ADAF31F0925F7 /* Pods_Bill_Spliter.framework */,
				89C150379F95C50A0CD17523 /* Pods_Bill_SpliterTests.framework */,
			);
			name = Frameworks;
			sourceTree = "<group>";
		};
/* End PBXGroup section */

/* Begin PBXNativeTarget section */
		833678E92210528D00331E5D /* Bill Spliter */ = {
			isa = PBXNativeTarget;
			buildConfigurationList = 833679072210529400331E5D /* Build configuration list for PBXNativeTarget "Bill Spliter" */;
			buildPhases = (
				48A2702EB091660DFAFB2EEF /* [CP] Check Pods Manifest.lock */,
				833678E62210528D00331E5D /* Sources */,
				833678E72210528D00331E5D /* Frameworks */,
				833678E82210528D00331E5D /* Resources */,
				011D2418E3754EF0809407B5 /* [CP] Embed Pods Frameworks */,
			);
			buildRules = (
			);
			dependencies = (
			);
			name = "Bill Spliter";
			productName = "Bill Spliter";
			productReference = 833678EA2210528E00331E5D /* Bill Spliter.app */;
			productType = "com.apple.product-type.application";
		};
		833678FD2210529400331E5D /* Bill SpliterTests */ = {
			isa = PBXNativeTarget;
			buildConfigurationList = 8336790A2210529400331E5D /* Build configuration list for PBXNativeTarget "Bill SpliterTests" */;
			buildPhases = (
				74AB41CF91639BB19CD7CFA7 /* [CP] Check Pods Manifest.lock */,
				833678FA2210529400331E5D /* Sources */,
				833678FB2210529400331E5D /* Frameworks */,
				833678FC2210529400331E5D /* Resources */,
			);
			buildRules = (
			);
			dependencies = (
				833679002210529400331E5D /* PBXTargetDependency */,
			);
			name = "Bill SpliterTests";
			productName = "Bill SpliterTests";
			productReference = 833678FE2210529400331E5D /* Bill SpliterTests.xctest */;
			productType = "com.apple.product-type.bundle.unit-test";
		};
/* End PBXNativeTarget section */

/* Begin PBXProject section */
		833678E22210528D00331E5D /* Project object */ = {
			isa = PBXProject;
			attributes = {
				LastSwiftUpdateCheck = 1010;
				LastUpgradeCheck = 1010;
				ORGANIZATIONNAME = "Piotr Kupczyk";
				TargetAttributes = {
					833678E92210528D00331E5D = {
						CreatedOnToolsVersion = 10.1;
					};
					833678FD2210529400331E5D = {
						CreatedOnToolsVersion = 10.1;
						TestTargetID = 833678E92210528D00331E5D;
					};
				};
			};
			buildConfigurationList = 833678E52210528D00331E5D /* Build configuration list for PBXProject "Bill Spliter" */;
			compatibilityVersion = "Xcode 9.3";
			developmentRegion = en;
			hasScannedForEncodings = 0;
			knownRegions = (
				en,
				Base,
			);
			mainGroup = 833678E12210528D00331E5D;
			productRefGroup = 833678EB2210528E00331E5D /* Products */;
			projectDirPath = "";
			projectRoot = "";
			targets = (
				833678E92210528D00331E5D /* Bill Spliter */,
				833678FD2210529400331E5D /* Bill SpliterTests */,
			);
		};
/* End PBXProject section */

/* Begin PBXResourcesBuildPhase section */
		833678E82210528D00331E5D /* Resources */ = {
			isa = PBXResourcesBuildPhase;
			buildActionMask = 2147483647;
			files = (
				833678F82210529300331E5D /* LaunchScreen.storyboard in Resources */,
				833678F52210529300331E5D /* Assets.xcassets in Resources */,
			);
			runOnlyForDeploymentPostprocessing = 0;
		};
		833678FC2210529400331E5D /* Resources */ = {
			isa = PBXResourcesBuildPhase;
			buildActionMask = 2147483647;
			files = (
			);
			runOnlyForDeploymentPostprocessing = 0;
		};
/* End PBXResourcesBuildPhase section */

/* Begin PBXShellScriptBuildPhase section */
		011D2418E3754EF0809407B5 /* [CP] Embed Pods Frameworks */ = {
			isa = PBXShellScriptBuildPhase;
			buildActionMask = 2147483647;
			files = (
			);
			inputPaths = (
				"${SRCROOT}/Pods/Target Support Files/Pods-Bill Spliter/Pods-Bill Spliter-frameworks.sh",
				"${BUILT_PRODUCTS_DIR}/ChameleonFramework/ChameleonFramework.framework",
				"${BUILT_PRODUCTS_DIR}/Kingfisher/Kingfisher.framework",
				"${BUILT_PRODUCTS_DIR}/RxCocoa/RxCocoa.framework",
				"${BUILT_PRODUCTS_DIR}/RxGesture/RxGesture.framework",
				"${BUILT_PRODUCTS_DIR}/RxSwift/RxSwift.framework",
				"${BUILT_PRODUCTS_DIR}/SnapKit/SnapKit.framework",
			);
			name = "[CP] Embed Pods Frameworks";
			outputPaths = (
				"${TARGET_BUILD_DIR}/${FRAMEWORKS_FOLDER_PATH}/ChameleonFramework.framework",
				"${TARGET_BUILD_DIR}/${FRAMEWORKS_FOLDER_PATH}/Kingfisher.framework",
				"${TARGET_BUILD_DIR}/${FRAMEWORKS_FOLDER_PATH}/RxCocoa.framework",
				"${TARGET_BUILD_DIR}/${FRAMEWORKS_FOLDER_PATH}/RxGesture.framework",
				"${TARGET_BUILD_DIR}/${FRAMEWORKS_FOLDER_PATH}/RxSwift.framework",
				"${TARGET_BUILD_DIR}/${FRAMEWORKS_FOLDER_PATH}/SnapKit.framework",
			);
			runOnlyForDeploymentPostprocessing = 0;
			shellPath = /bin/sh;
			shellScript = "\"${SRCROOT}/Pods/Target Support Files/Pods-Bill Spliter/Pods-Bill Spliter-frameworks.sh\"\n";
			showEnvVarsInLog = 0;
		};
		48A2702EB091660DFAFB2EEF /* [CP] Check Pods Manifest.lock */ = {
			isa = PBXShellScriptBuildPhase;
			buildActionMask = 2147483647;
			files = (
			);
			inputPaths = (
				"${PODS_PODFILE_DIR_PATH}/Podfile.lock",
				"${PODS_ROOT}/Manifest.lock",
			);
			name = "[CP] Check Pods Manifest.lock";
			outputPaths = (
				"$(DERIVED_FILE_DIR)/Pods-Bill Spliter-checkManifestLockResult.txt",
			);
			runOnlyForDeploymentPostprocessing = 0;
			shellPath = /bin/sh;
			shellScript = "diff \"${PODS_PODFILE_DIR_PATH}/Podfile.lock\" \"${PODS_ROOT}/Manifest.lock\" > /dev/null\nif [ $? != 0 ] ; then\n    # print error to STDERR\n    echo \"error: The sandbox is not in sync with the Podfile.lock. Run 'pod install' or update your CocoaPods installation.\" >&2\n    exit 1\nfi\n# This output is used by Xcode 'outputs' to avoid re-running this script phase.\necho \"SUCCESS\" > \"${SCRIPT_OUTPUT_FILE_0}\"\n";
			showEnvVarsInLog = 0;
		};
		74AB41CF91639BB19CD7CFA7 /* [CP] Check Pods Manifest.lock */ = {
			isa = PBXShellScriptBuildPhase;
			buildActionMask = 2147483647;
			files = (
			);
			inputPaths = (
				"${PODS_PODFILE_DIR_PATH}/Podfile.lock",
				"${PODS_ROOT}/Manifest.lock",
			);
			name = "[CP] Check Pods Manifest.lock";
			outputPaths = (
				"$(DERIVED_FILE_DIR)/Pods-Bill SpliterTests-checkManifestLockResult.txt",
			);
			runOnlyForDeploymentPostprocessing = 0;
			shellPath = /bin/sh;
			shellScript = "diff \"${PODS_PODFILE_DIR_PATH}/Podfile.lock\" \"${PODS_ROOT}/Manifest.lock\" > /dev/null\nif [ $? != 0 ] ; then\n    # print error to STDERR\n    echo \"error: The sandbox is not in sync with the Podfile.lock. Run 'pod install' or update your CocoaPods installation.\" >&2\n    exit 1\nfi\n# This output is used by Xcode 'outputs' to avoid re-running this script phase.\necho \"SUCCESS\" > \"${SCRIPT_OUTPUT_FILE_0}\"\n";
			showEnvVarsInLog = 0;
		};
/* End PBXShellScriptBuildPhase section */

/* Begin PBXSourcesBuildPhase section */
		833678E62210528D00331E5D /* Sources */ = {
			isa = PBXSourcesBuildPhase;
			buildActionMask = 2147483647;
			files = (
				83AE1F2D2215C338003A4D60 /* Bill .swift in Sources */,
				832517AC2210852700BDB198 /* Group.swift in Sources */,
				832517AA221084A100BDB198 /* GroupViewModel.swift in Sources */,
				833678EE2210528E00331E5D /* AppDelegate.swift in Sources */,
				832517A22210665400BDB198 /* FriendsCollectionViewController.swift in Sources */,
				83AE1F27221334B3003A4D60 /* FriendViewModel.swift in Sources */,
				83AE1F2B2215C25D003A4D60 /* BillsCollectionViewCell.swift in Sources */,
				83AE1F2322131A36003A4D60 /* FriendsCollectionViewCell.swift in Sources */,
				832517A82210716C00BDB198 /* UIFont.swift in Sources */,
				832517A422106E5000BDB198 /* GroupsTableViewCell.swift in Sources */,
				83DC413D2211CA2600B6BDF1 /* UIColor.swift in Sources */,
				83AE1F2F2215C755003A4D60 /* BillViewModel.swift in Sources */,
				8325179C221059DB00BDB198 /* InitialsImageView.swift in Sources */,
				832517A02210660200BDB198 /* GroupsTableViewController.swift in Sources */,
				83AE1F212211D7BD003A4D60 /* FriendsSearchBarView.swift in Sources */,
				83AE1F292214939D003A4D60 /* BillsViewController.swift in Sources */,
				83AE1F2522132566003A4D60 /* User.swift in Sources */,
				8325179E2210638600BDB198 /* MainTabBarController.swift in Sources */,
				B6E0E99DD5B469A95413BDC4 /* FancyTextField.swift in Sources */,
				B6E0EF262CE5873279F2B81B /* AddGroupViewController.swift in Sources */,
			);
			runOnlyForDeploymentPostprocessing = 0;
		};
		833678FA2210529400331E5D /* Sources */ = {
			isa = PBXSourcesBuildPhase;
			buildActionMask = 2147483647;
			files = (
				833679032210529400331E5D /* Bill_SpliterTests.swift in Sources */,
			);
			runOnlyForDeploymentPostprocessing = 0;
		};
/* End PBXSourcesBuildPhase section */

/* Begin PBXTargetDependency section */
		833679002210529400331E5D /* PBXTargetDependency */ = {
			isa = PBXTargetDependency;
			target = 833678E92210528D00331E5D /* Bill Spliter */;
			targetProxy = 833678FF2210529400331E5D /* PBXContainerItemProxy */;
		};
/* End PBXTargetDependency section */

/* Begin PBXVariantGroup section */
		833678F62210529300331E5D /* LaunchScreen.storyboard */ = {
			isa = PBXVariantGroup;
			children = (
				833678F72210529300331E5D /* Base */,
			);
			name = LaunchScreen.storyboard;
			sourceTree = "<group>";
		};
/* End PBXVariantGroup section */

/* Begin XCBuildConfiguration section */
		833679052210529400331E5D /* Debug */ = {
			isa = XCBuildConfiguration;
			buildSettings = {
				ALWAYS_SEARCH_USER_PATHS = NO;
				CLANG_ANALYZER_NONNULL = YES;
				CLANG_ANALYZER_NUMBER_OBJECT_CONVERSION = YES_AGGRESSIVE;
				CLANG_CXX_LANGUAGE_STANDARD = "gnu++14";
				CLANG_CXX_LIBRARY = "libc++";
				CLANG_ENABLE_MODULES = YES;
				CLANG_ENABLE_OBJC_ARC = YES;
				CLANG_ENABLE_OBJC_WEAK = YES;
				CLANG_WARN_BLOCK_CAPTURE_AUTORELEASING = YES;
				CLANG_WARN_BOOL_CONVERSION = YES;
				CLANG_WARN_COMMA = YES;
				CLANG_WARN_CONSTANT_CONVERSION = YES;
				CLANG_WARN_DEPRECATED_OBJC_IMPLEMENTATIONS = YES;
				CLANG_WARN_DIRECT_OBJC_ISA_USAGE = YES_ERROR;
				CLANG_WARN_DOCUMENTATION_COMMENTS = YES;
				CLANG_WARN_EMPTY_BODY = YES;
				CLANG_WARN_ENUM_CONVERSION = YES;
				CLANG_WARN_INFINITE_RECURSION = YES;
				CLANG_WARN_INT_CONVERSION = YES;
				CLANG_WARN_NON_LITERAL_NULL_CONVERSION = YES;
				CLANG_WARN_OBJC_IMPLICIT_RETAIN_SELF = YES;
				CLANG_WARN_OBJC_LITERAL_CONVERSION = YES;
				CLANG_WARN_OBJC_ROOT_CLASS = YES_ERROR;
				CLANG_WARN_RANGE_LOOP_ANALYSIS = YES;
				CLANG_WARN_STRICT_PROTOTYPES = YES;
				CLANG_WARN_SUSPICIOUS_MOVE = YES;
				CLANG_WARN_UNGUARDED_AVAILABILITY = YES_AGGRESSIVE;
				CLANG_WARN_UNREACHABLE_CODE = YES;
				CLANG_WARN__DUPLICATE_METHOD_MATCH = YES;
				CODE_SIGN_IDENTITY = "iPhone Developer";
				COPY_PHASE_STRIP = NO;
				DEBUG_INFORMATION_FORMAT = dwarf;
				ENABLE_STRICT_OBJC_MSGSEND = YES;
				ENABLE_TESTABILITY = YES;
				GCC_C_LANGUAGE_STANDARD = gnu11;
				GCC_DYNAMIC_NO_PIC = NO;
				GCC_NO_COMMON_BLOCKS = YES;
				GCC_OPTIMIZATION_LEVEL = 0;
				GCC_PREPROCESSOR_DEFINITIONS = (
					"DEBUG=1",
					"$(inherited)",
				);
				GCC_WARN_64_TO_32_BIT_CONVERSION = YES;
				GCC_WARN_ABOUT_RETURN_TYPE = YES_ERROR;
				GCC_WARN_UNDECLARED_SELECTOR = YES;
				GCC_WARN_UNINITIALIZED_AUTOS = YES_AGGRESSIVE;
				GCC_WARN_UNUSED_FUNCTION = YES;
				GCC_WARN_UNUSED_VARIABLE = YES;
				IPHONEOS_DEPLOYMENT_TARGET = 12.1;
				MTL_ENABLE_DEBUG_INFO = INCLUDE_SOURCE;
				MTL_FAST_MATH = YES;
				ONLY_ACTIVE_ARCH = YES;
				SDKROOT = iphoneos;
				SWIFT_ACTIVE_COMPILATION_CONDITIONS = DEBUG;
				SWIFT_OPTIMIZATION_LEVEL = "-Onone";
			};
			name = Debug;
		};
		833679062210529400331E5D /* Release */ = {
			isa = XCBuildConfiguration;
			buildSettings = {
				ALWAYS_SEARCH_USER_PATHS = NO;
				CLANG_ANALYZER_NONNULL = YES;
				CLANG_ANALYZER_NUMBER_OBJECT_CONVERSION = YES_AGGRESSIVE;
				CLANG_CXX_LANGUAGE_STANDARD = "gnu++14";
				CLANG_CXX_LIBRARY = "libc++";
				CLANG_ENABLE_MODULES = YES;
				CLANG_ENABLE_OBJC_ARC = YES;
				CLANG_ENABLE_OBJC_WEAK = YES;
				CLANG_WARN_BLOCK_CAPTURE_AUTORELEASING = YES;
				CLANG_WARN_BOOL_CONVERSION = YES;
				CLANG_WARN_COMMA = YES;
				CLANG_WARN_CONSTANT_CONVERSION = YES;
				CLANG_WARN_DEPRECATED_OBJC_IMPLEMENTATIONS = YES;
				CLANG_WARN_DIRECT_OBJC_ISA_USAGE = YES_ERROR;
				CLANG_WARN_DOCUMENTATION_COMMENTS = YES;
				CLANG_WARN_EMPTY_BODY = YES;
				CLANG_WARN_ENUM_CONVERSION = YES;
				CLANG_WARN_INFINITE_RECURSION = YES;
				CLANG_WARN_INT_CONVERSION = YES;
				CLANG_WARN_NON_LITERAL_NULL_CONVERSION = YES;
				CLANG_WARN_OBJC_IMPLICIT_RETAIN_SELF = YES;
				CLANG_WARN_OBJC_LITERAL_CONVERSION = YES;
				CLANG_WARN_OBJC_ROOT_CLASS = YES_ERROR;
				CLANG_WARN_RANGE_LOOP_ANALYSIS = YES;
				CLANG_WARN_STRICT_PROTOTYPES = YES;
				CLANG_WARN_SUSPICIOUS_MOVE = YES;
				CLANG_WARN_UNGUARDED_AVAILABILITY = YES_AGGRESSIVE;
				CLANG_WARN_UNREACHABLE_CODE = YES;
				CLANG_WARN__DUPLICATE_METHOD_MATCH = YES;
				CODE_SIGN_IDENTITY = "iPhone Developer";
				COPY_PHASE_STRIP = NO;
				DEBUG_INFORMATION_FORMAT = "dwarf-with-dsym";
				ENABLE_NS_ASSERTIONS = NO;
				ENABLE_STRICT_OBJC_MSGSEND = YES;
				GCC_C_LANGUAGE_STANDARD = gnu11;
				GCC_NO_COMMON_BLOCKS = YES;
				GCC_WARN_64_TO_32_BIT_CONVERSION = YES;
				GCC_WARN_ABOUT_RETURN_TYPE = YES_ERROR;
				GCC_WARN_UNDECLARED_SELECTOR = YES;
				GCC_WARN_UNINITIALIZED_AUTOS = YES_AGGRESSIVE;
				GCC_WARN_UNUSED_FUNCTION = YES;
				GCC_WARN_UNUSED_VARIABLE = YES;
				IPHONEOS_DEPLOYMENT_TARGET = 12.1;
				MTL_ENABLE_DEBUG_INFO = NO;
				MTL_FAST_MATH = YES;
				SDKROOT = iphoneos;
				SWIFT_COMPILATION_MODE = wholemodule;
				SWIFT_OPTIMIZATION_LEVEL = "-O";
				VALIDATE_PRODUCT = YES;
			};
			name = Release;
		};
		833679082210529400331E5D /* Debug */ = {
			isa = XCBuildConfiguration;
			baseConfigurationReference = 9FC5BA2536ADC7F6505770A0 /* Pods-Bill Spliter.debug.xcconfig */;
			buildSettings = {
				ASSETCATALOG_COMPILER_APPICON_NAME = AppIcon;
				CODE_SIGN_STYLE = Automatic;
				DEVELOPMENT_TEAM = WM3KRQ8CEV;
				INFOPLIST_FILE = "$(SRCROOT)/Bill Spliter/project-files/Info.plist";
				IPHONEOS_DEPLOYMENT_TARGET = 11.0;
				LD_RUNPATH_SEARCH_PATHS = (
					"$(inherited)",
					"@executable_path/Frameworks",
				);
				PRODUCT_BUNDLE_IDENTIFIER = "com.piotr.kupczyk.Bill-Spliter";
				PRODUCT_NAME = "$(TARGET_NAME)";
				SWIFT_VERSION = 4.2;
				TARGETED_DEVICE_FAMILY = 1;
			};
			name = Debug;
		};
		833679092210529400331E5D /* Release */ = {
			isa = XCBuildConfiguration;
			baseConfigurationReference = 4B0AAC95A8FC3D605DCCDDE9 /* Pods-Bill Spliter.release.xcconfig */;
			buildSettings = {
				ASSETCATALOG_COMPILER_APPICON_NAME = AppIcon;
				CODE_SIGN_STYLE = Automatic;
				DEVELOPMENT_TEAM = WM3KRQ8CEV;
				INFOPLIST_FILE = "$(SRCROOT)/Bill Spliter/project-files/Info.plist";
				IPHONEOS_DEPLOYMENT_TARGET = 11.0;
				LD_RUNPATH_SEARCH_PATHS = (
					"$(inherited)",
					"@executable_path/Frameworks",
				);
				PRODUCT_BUNDLE_IDENTIFIER = "com.piotr.kupczyk.Bill-Spliter";
				PRODUCT_NAME = "$(TARGET_NAME)";
				SWIFT_VERSION = 4.2;
				TARGETED_DEVICE_FAMILY = 1;
			};
			name = Release;
		};
		8336790B2210529400331E5D /* Debug */ = {
			isa = XCBuildConfiguration;
			baseConfigurationReference = C939E063BB6FDFBF7BC4F8B4 /* Pods-Bill SpliterTests.debug.xcconfig */;
			buildSettings = {
				ALWAYS_EMBED_SWIFT_STANDARD_LIBRARIES = YES;
				BUNDLE_LOADER = "$(TEST_HOST)";
				CODE_SIGN_STYLE = Automatic;
				DEVELOPMENT_TEAM = WM3KRQ8CEV;
				INFOPLIST_FILE = "Bill SpliterTests/Info.plist";
				LD_RUNPATH_SEARCH_PATHS = (
					"$(inherited)",
					"@executable_path/Frameworks",
					"@loader_path/Frameworks",
				);
				PRODUCT_BUNDLE_IDENTIFIER = "com.piotr.kupczyk.Bill-SpliterTests";
				PRODUCT_NAME = "$(TARGET_NAME)";
				SWIFT_VERSION = 4.2;
				TARGETED_DEVICE_FAMILY = "1,2";
				TEST_HOST = "$(BUILT_PRODUCTS_DIR)/Bill Spliter.app/Bill Spliter";
			};
			name = Debug;
		};
		8336790C2210529400331E5D /* Release */ = {
			isa = XCBuildConfiguration;
			baseConfigurationReference = 7803FF0D6E99CC4725433132 /* Pods-Bill SpliterTests.release.xcconfig */;
			buildSettings = {
				ALWAYS_EMBED_SWIFT_STANDARD_LIBRARIES = YES;
				BUNDLE_LOADER = "$(TEST_HOST)";
				CODE_SIGN_STYLE = Automatic;
				DEVELOPMENT_TEAM = WM3KRQ8CEV;
				INFOPLIST_FILE = "Bill SpliterTests/Info.plist";
				LD_RUNPATH_SEARCH_PATHS = (
					"$(inherited)",
					"@executable_path/Frameworks",
					"@loader_path/Frameworks",
				);
				PRODUCT_BUNDLE_IDENTIFIER = "com.piotr.kupczyk.Bill-SpliterTests";
				PRODUCT_NAME = "$(TARGET_NAME)";
				SWIFT_VERSION = 4.2;
				TARGETED_DEVICE_FAMILY = "1,2";
				TEST_HOST = "$(BUILT_PRODUCTS_DIR)/Bill Spliter.app/Bill Spliter";
			};
			name = Release;
		};
/* End XCBuildConfiguration section */

/* Begin XCConfigurationList section */
		833678E52210528D00331E5D /* Build configuration list for PBXProject "Bill Spliter" */ = {
			isa = XCConfigurationList;
			buildConfigurations = (
				833679052210529400331E5D /* Debug */,
				833679062210529400331E5D /* Release */,
			);
			defaultConfigurationIsVisible = 0;
			defaultConfigurationName = Release;
		};
		833679072210529400331E5D /* Build configuration list for PBXNativeTarget "Bill Spliter" */ = {
			isa = XCConfigurationList;
			buildConfigurations = (
				833679082210529400331E5D /* Debug */,
				833679092210529400331E5D /* Release */,
			);
			defaultConfigurationIsVisible = 0;
			defaultConfigurationName = Release;
		};
		8336790A2210529400331E5D /* Build configuration list for PBXNativeTarget "Bill SpliterTests" */ = {
			isa = XCConfigurationList;
			buildConfigurations = (
				8336790B2210529400331E5D /* Debug */,
				8336790C2210529400331E5D /* Release */,
			);
			defaultConfigurationIsVisible = 0;
			defaultConfigurationName = Release;
		};
/* End XCConfigurationList section */
	};
	rootObject = 833678E22210528D00331E5D /* Project object */;
}
